// !$*UTF8*$!
{
	archiveVersion = 1;
	classes = {
	};
	objectVersion = 77;
	objects = {

/* Begin PBXBuildFile section */
		B576380C2E225C9400031FA5 /* SQLite in Frameworks */ = {isa = PBXBuildFile; productRef = B576380B2E225C9400031FA5 /* SQLite */; };
/* End PBXBuildFile section */

/* Begin PBXContainerItemProxy section */
		B57AC1042E1F9DA800DCA2EC /* PBXContainerItemProxy */ = {
			isa = PBXContainerItemProxy;
			containerPortal = B57AC0EB2E1F9DA700DCA2EC /* Project object */;
			proxyType = 1;
			remoteGlobalIDString = B57AC0F22E1F9DA700DCA2EC;
			remoteInfo = LicensePlateGlossary;
		};
		B57AC10E2E1F9DA800DCA2EC /* PBXContainerItemProxy */ = {
			isa = PBXContainerItemProxy;
			containerPortal = B57AC0EB2E1F9DA700DCA2EC /* Project object */;
			proxyType = 1;
			remoteGlobalIDString = B57AC0F22E1F9DA700DCA2EC;
			remoteInfo = LicensePlateGlossary;
		};
/* End PBXContainerItemProxy section */

/* Begin PBXFileReference section */
		B57AC0F32E1F9DA700DCA2EC /* LicensePlateGlossary.app */ = {isa = PBXFileReference; explicitFileType = wrapper.application; includeInIndex = 0; path = LicensePlateGlossary.app; sourceTree = BUILT_PRODUCTS_DIR; };
		B57AC1032E1F9DA800DCA2EC /* LicensePlateGlossaryTests.xctest */ = {isa = PBXFileReference; explicitFileType = wrapper.cfbundle; includeInIndex = 0; path = LicensePlateGlossaryTests.xctest; sourceTree = BUILT_PRODUCTS_DIR; };
		B57AC10D2E1F9DA800DCA2EC /* LicensePlateGlossaryUITests.xctest */ = {isa = PBXFileReference; explicitFileType = wrapper.cfbundle; includeInIndex = 0; path = LicensePlateGlossaryUITests.xctest; sourceTree = BUILT_PRODUCTS_DIR; };
/* End PBXFileReference section */

/* Begin PBXFileSystemSynchronizedBuildFileExceptionSet section */
		B5BFD8AD2E21B9E000839708 /* Exceptions for "LicensePlateGlossary" folder in "LicensePlateGlossary" target */ = {
			isa = PBXFileSystemSynchronizedBuildFileExceptionSet;
			membershipExceptions = (
				Info.plist,
			);
			target = B57AC0F22E1F9DA700DCA2EC /* LicensePlateGlossary */;
		};
/* End PBXFileSystemSynchronizedBuildFileExceptionSet section */

/* Begin PBXFileSystemSynchronizedRootGroup section */
		B57AC0F52E1F9DA700DCA2EC /* LicensePlateGlossary */ = {
			isa = PBXFileSystemSynchronizedRootGroup;
			exceptions = (
				B5BFD8AD2E21B9E000839708 /* Exceptions for "LicensePlateGlossary" folder in "LicensePlateGlossary" target */,
			);
			path = LicensePlateGlossary;
			sourceTree = "<group>";
		};
		B57AC1062E1F9DA800DCA2EC /* LicensePlateGlossaryTests */ = {
			isa = PBXFileSystemSynchronizedRootGroup;
			path = LicensePlateGlossaryTests;
			sourceTree = "<group>";
		};
		B57AC1102E1F9DA800DCA2EC /* LicensePlateGlossaryUITests */ = {
			isa = PBXFileSystemSynchronizedRootGroup;
			path = LicensePlateGlossaryUITests;
			sourceTree = "<group>";
		};
/* End PBXFileSystemSynchronizedRootGroup section */

/* Begin PBXFrameworksBuildPhase section */
		B57AC0F02E1F9DA700DCA2EC /* Frameworks */ = {
			isa = PBXFrameworksBuildPhase;
			buildActionMask = 2147483647;
			files = (
				B576380C2E225C9400031FA5 /* SQLite in Frameworks */,
			);
			runOnlyForDeploymentPostprocessing = 0;
		};
		B57AC1002E1F9DA800DCA2EC /* Frameworks */ = {
			isa = PBXFrameworksBuildPhase;
			buildActionMask = 2147483647;
			files = (
			);
			runOnlyForDeploymentPostprocessing = 0;
		};
		B57AC10A2E1F9DA800DCA2EC /* Frameworks */ = {
			isa = PBXFrameworksBuildPhase;
			buildActionMask = 2147483647;
			files = (
			);
			runOnlyForDeploymentPostprocessing = 0;
		};
/* End PBXFrameworksBuildPhase section */

/* Begin PBXGroup section */
		B57AC0EA2E1F9DA700DCA2EC = {
			isa = PBXGroup;
			children = (
				B57AC0F52E1F9DA700DCA2EC /* LicensePlateGlossary */,
				B57AC1062E1F9DA800DCA2EC /* LicensePlateGlossaryTests */,
				B57AC1102E1F9DA800DCA2EC /* LicensePlateGlossaryUITests */,
				B57AC0F42E1F9DA700DCA2EC /* Products */,
			);
			sourceTree = "<group>";
		};
		B57AC0F42E1F9DA700DCA2EC /* Products */ = {
			isa = PBXGroup;
			children = (
				B57AC0F32E1F9DA700DCA2EC /* LicensePlateGlossary.app */,
				B57AC1032E1F9DA800DCA2EC /* LicensePlateGlossaryTests.xctest */,
				B57AC10D2E1F9DA800DCA2EC /* LicensePlateGlossaryUITests.xctest */,
			);
			name = Products;
			sourceTree = "<group>";
		};
/* End PBXGroup section */

/* Begin PBXNativeTarget section */
		B57AC0F22E1F9DA700DCA2EC /* LicensePlateGlossary */ = {
			isa = PBXNativeTarget;
			buildConfigurationList = B57AC1172E1F9DA800DCA2EC /* Build configuration list for PBXNativeTarget "LicensePlateGlossary" */;
			buildPhases = (
				B57AC0EF2E1F9DA700DCA2EC /* Sources */,
				B57AC0F02E1F9DA700DCA2EC /* Frameworks */,
				B57AC0F12E1F9DA700DCA2EC /* Resources */,
			);
			buildRules = (
			);
			dependencies = (
			);
			fileSystemSynchronizedGroups = (
				B57AC0F52E1F9DA700DCA2EC /* LicensePlateGlossary */,
			);
			name = LicensePlateGlossary;
			packageProductDependencies = (
				B576380B2E225C9400031FA5 /* SQLite */,
			);
			productName = LicensePlateGlossary;
			productReference = B57AC0F32E1F9DA700DCA2EC /* LicensePlateGlossary.app */;
			productType = "com.apple.product-type.application";
		};
		B57AC1022E1F9DA800DCA2EC /* LicensePlateGlossaryTests */ = {
			isa = PBXNativeTarget;
			buildConfigurationList = B57AC11A2E1F9DA800DCA2EC /* Build configuration list for PBXNativeTarget "LicensePlateGlossaryTests" */;
			buildPhases = (
				B57AC0FF2E1F9DA800DCA2EC /* Sources */,
				B57AC1002E1F9DA800DCA2EC /* Frameworks */,
				B57AC1012E1F9DA800DCA2EC /* Resources */,
			);
			buildRules = (
			);
			dependencies = (
				B57AC1052E1F9DA800DCA2EC /* PBXTargetDependency */,
			);
			fileSystemSynchronizedGroups = (
				B57AC1062E1F9DA800DCA2EC /* LicensePlateGlossaryTests */,
			);
			name = LicensePlateGlossaryTests;
			packageProductDependencies = (
			);
			productName = LicensePlateGlossaryTests;
			productReference = B57AC1032E1F9DA800DCA2EC /* LicensePlateGlossaryTests.xctest */;
			productType = "com.apple.product-type.bundle.unit-test";
		};
		B57AC10C2E1F9DA800DCA2EC /* LicensePlateGlossaryUITests */ = {
			isa = PBXNativeTarget;
			buildConfigurationList = B57AC11D2E1F9DA800DCA2EC /* Build configuration list for PBXNativeTarget "LicensePlateGlossaryUITests" */;
			buildPhases = (
				B57AC1092E1F9DA800DCA2EC /* Sources */,
				B57AC10A2E1F9DA800DCA2EC /* Frameworks */,
				B57AC10B2E1F9DA800DCA2EC /* Resources */,
			);
			buildRules = (
			);
			dependencies = (
				B57AC10F2E1F9DA800DCA2EC /* PBXTargetDependency */,
			);
			fileSystemSynchronizedGroups = (
				B57AC1102E1F9DA800DCA2EC /* LicensePlateGlossaryUITests */,
			);
			name = LicensePlateGlossaryUITests;
			packageProductDependencies = (
			);
			productName = LicensePlateGlossaryUITests;
			productReference = B57AC10D2E1F9DA800DCA2EC /* LicensePlateGlossaryUITests.xctest */;
			productType = "com.apple.product-type.bundle.ui-testing";
		};
/* End PBXNativeTarget section */

/* Begin PBXProject section */
		B57AC0EB2E1F9DA700DCA2EC /* Project object */ = {
			isa = PBXProject;
			attributes = {
				BuildIndependentTargetsInParallel = 1;
				LastSwiftUpdateCheck = 1640;
				LastUpgradeCheck = 1640;
				TargetAttributes = {
					B57AC0F22E1F9DA700DCA2EC = {
						CreatedOnToolsVersion = 16.4;
					};
					B57AC1022E1F9DA800DCA2EC = {
						CreatedOnToolsVersion = 16.4;
						TestTargetID = B57AC0F22E1F9DA700DCA2EC;
					};
					B57AC10C2E1F9DA800DCA2EC = {
						CreatedOnToolsVersion = 16.4;
						TestTargetID = B57AC0F22E1F9DA700DCA2EC;
					};
				};
			};
			buildConfigurationList = B57AC0EE2E1F9DA700DCA2EC /* Build configuration list for PBXProject "LicensePlateGlossary" */;
			developmentRegion = en;
			hasScannedForEncodings = 0;
			knownRegions = (
				en,
				Base,
				de,
			);
			mainGroup = B57AC0EA2E1F9DA700DCA2EC;
			minimizedProjectReferenceProxies = 1;
			packageReferences = (
				B576380A2E225AD700031FA5 /* XCRemoteSwiftPackageReference "SQLite.swift" */,
			);
			preferredProjectObjectVersion = 77;
			productRefGroup = B57AC0F42E1F9DA700DCA2EC /* Products */;
			projectDirPath = "";
			projectRoot = "";
			targets = (
				B57AC0F22E1F9DA700DCA2EC /* LicensePlateGlossary */,
				B57AC1022E1F9DA800DCA2EC /* LicensePlateGlossaryTests */,
				B57AC10C2E1F9DA800DCA2EC /* LicensePlateGlossaryUITests */,
			);
		};
/* End PBXProject section */

/* Begin PBXResourcesBuildPhase section */
		B57AC0F12E1F9DA700DCA2EC /* Resources */ = {
			isa = PBXResourcesBuildPhase;
			buildActionMask = 2147483647;
			files = (
			);
			runOnlyForDeploymentPostprocessing = 0;
		};
		B57AC1012E1F9DA800DCA2EC /* Resources */ = {
			isa = PBXResourcesBuildPhase;
			buildActionMask = 2147483647;
			files = (
			);
			runOnlyForDeploymentPostprocessing = 0;
		};
		B57AC10B2E1F9DA800DCA2EC /* Resources */ = {
			isa = PBXResourcesBuildPhase;
			buildActionMask = 2147483647;
			files = (
			);
			runOnlyForDeploymentPostprocessing = 0;
		};
/* End PBXResourcesBuildPhase section */

/* Begin PBXSourcesBuildPhase section */
		B57AC0EF2E1F9DA700DCA2EC /* Sources */ = {
			isa = PBXSourcesBuildPhase;
			buildActionMask = 2147483647;
			files = (
			);
			runOnlyForDeploymentPostprocessing = 0;
		};
		B57AC0FF2E1F9DA800DCA2EC /* Sources */ = {
			isa = PBXSourcesBuildPhase;
			buildActionMask = 2147483647;
			files = (
			);
			runOnlyForDeploymentPostprocessing = 0;
		};
		B57AC1092E1F9DA800DCA2EC /* Sources */ = {
			isa = PBXSourcesBuildPhase;
			buildActionMask = 2147483647;
			files = (
			);
			runOnlyForDeploymentPostprocessing = 0;
		};
/* End PBXSourcesBuildPhase section */

/* Begin PBXTargetDependency section */
		B57AC1052E1F9DA800DCA2EC /* PBXTargetDependency */ = {
			isa = PBXTargetDependency;
			target = B57AC0F22E1F9DA700DCA2EC /* LicensePlateGlossary */;
			targetProxy = B57AC1042E1F9DA800DCA2EC /* PBXContainerItemProxy */;
		};
		B57AC10F2E1F9DA800DCA2EC /* PBXTargetDependency */ = {
			isa = PBXTargetDependency;
			target = B57AC0F22E1F9DA700DCA2EC /* LicensePlateGlossary */;
			targetProxy = B57AC10E2E1F9DA800DCA2EC /* PBXContainerItemProxy */;
		};
/* End PBXTargetDependency section */

/* Begin XCBuildConfiguration section */
		B57AC1152E1F9DA800DCA2EC /* Debug */ = {
			isa = XCBuildConfiguration;
			buildSettings = {
				ALWAYS_SEARCH_USER_PATHS = NO;
				ASSETCATALOG_COMPILER_GENERATE_SWIFT_ASSET_SYMBOL_EXTENSIONS = YES;
				CLANG_ANALYZER_NONNULL = YES;
				CLANG_ANALYZER_NUMBER_OBJECT_CONVERSION = YES_AGGRESSIVE;
				CLANG_CXX_LANGUAGE_STANDARD = "gnu++20";
				CLANG_ENABLE_MODULES = YES;
				CLANG_ENABLE_OBJC_ARC = YES;
				CLANG_ENABLE_OBJC_WEAK = YES;
				CLANG_WARN_BLOCK_CAPTURE_AUTORELEASING = YES;
				CLANG_WARN_BOOL_CONVERSION = YES;
				CLANG_WARN_COMMA = YES;
				CLANG_WARN_CONSTANT_CONVERSION = YES;
				CLANG_WARN_DEPRECATED_OBJC_IMPLEMENTATIONS = YES;
				CLANG_WARN_DIRECT_OBJC_ISA_USAGE = YES_ERROR;
				CLANG_WARN_DOCUMENTATION_COMMENTS = YES;
				CLANG_WARN_EMPTY_BODY = YES;
				CLANG_WARN_ENUM_CONVERSION = YES;
				CLANG_WARN_INFINITE_RECURSION = YES;
				CLANG_WARN_INT_CONVERSION = YES;
				CLANG_WARN_NON_LITERAL_NULL_CONVERSION = YES;
				CLANG_WARN_OBJC_IMPLICIT_RETAIN_SELF = YES;
				CLANG_WARN_OBJC_LITERAL_CONVERSION = YES;
				CLANG_WARN_OBJC_ROOT_CLASS = YES_ERROR;
				CLANG_WARN_QUOTED_INCLUDE_IN_FRAMEWORK_HEADER = YES;
				CLANG_WARN_RANGE_LOOP_ANALYSIS = YES;
				CLANG_WARN_STRICT_PROTOTYPES = YES;
				CLANG_WARN_SUSPICIOUS_MOVE = YES;
				CLANG_WARN_UNGUARDED_AVAILABILITY = YES_AGGRESSIVE;
				CLANG_WARN_UNREACHABLE_CODE = YES;
				CLANG_WARN__DUPLICATE_METHOD_MATCH = YES;
				COPY_PHASE_STRIP = NO;
				DEBUG_INFORMATION_FORMAT = dwarf;
				DEVELOPMENT_TEAM = QT538E6CTY;
				ENABLE_STRICT_OBJC_MSGSEND = YES;
				ENABLE_TESTABILITY = YES;
				ENABLE_USER_SCRIPT_SANDBOXING = YES;
				GCC_C_LANGUAGE_STANDARD = gnu17;
				GCC_DYNAMIC_NO_PIC = NO;
				GCC_NO_COMMON_BLOCKS = YES;
				GCC_OPTIMIZATION_LEVEL = 0;
				GCC_PREPROCESSOR_DEFINITIONS = (
					"DEBUG=1",
					"$(inherited)",
				);
				GCC_WARN_64_TO_32_BIT_CONVERSION = YES;
				GCC_WARN_ABOUT_RETURN_TYPE = YES_ERROR;
				GCC_WARN_UNDECLARED_SELECTOR = YES;
				GCC_WARN_UNINITIALIZED_AUTOS = YES_AGGRESSIVE;
				GCC_WARN_UNUSED_FUNCTION = YES;
				GCC_WARN_UNUSED_VARIABLE = YES;
				LOCALIZATION_PREFERS_STRING_CATALOGS = YES;
				MTL_ENABLE_DEBUG_INFO = INCLUDE_SOURCE;
				MTL_FAST_MATH = YES;
				ONLY_ACTIVE_ARCH = YES;
				SWIFT_ACTIVE_COMPILATION_CONDITIONS = "DEBUG $(inherited)";
				SWIFT_EMIT_LOC_STRINGS = YES;
				SWIFT_OPTIMIZATION_LEVEL = "-Onone";
			};
			name = Debug;
		};
		B57AC1162E1F9DA800DCA2EC /* Release */ = {
			isa = XCBuildConfiguration;
			buildSettings = {
				ALWAYS_SEARCH_USER_PATHS = NO;
				ASSETCATALOG_COMPILER_GENERATE_SWIFT_ASSET_SYMBOL_EXTENSIONS = YES;
				CLANG_ANALYZER_NONNULL = YES;
				CLANG_ANALYZER_NUMBER_OBJECT_CONVERSION = YES_AGGRESSIVE;
				CLANG_CXX_LANGUAGE_STANDARD = "gnu++20";
				CLANG_ENABLE_MODULES = YES;
				CLANG_ENABLE_OBJC_ARC = YES;
				CLANG_ENABLE_OBJC_WEAK = YES;
				CLANG_WARN_BLOCK_CAPTURE_AUTORELEASING = YES;
				CLANG_WARN_BOOL_CONVERSION = YES;
				CLANG_WARN_COMMA = YES;
				CLANG_WARN_CONSTANT_CONVERSION = YES;
				CLANG_WARN_DEPRECATED_OBJC_IMPLEMENTATIONS = YES;
				CLANG_WARN_DIRECT_OBJC_ISA_USAGE = YES_ERROR;
				CLANG_WARN_DOCUMENTATION_COMMENTS = YES;
				CLANG_WARN_EMPTY_BODY = YES;
				CLANG_WARN_ENUM_CONVERSION = YES;
				CLANG_WARN_INFINITE_RECURSION = YES;
				CLANG_WARN_INT_CONVERSION = YES;
				CLANG_WARN_NON_LITERAL_NULL_CONVERSION = YES;
				CLANG_WARN_OBJC_IMPLICIT_RETAIN_SELF = YES;
				CLANG_WARN_OBJC_LITERAL_CONVERSION = YES;
				CLANG_WARN_OBJC_ROOT_CLASS = YES_ERROR;
				CLANG_WARN_QUOTED_INCLUDE_IN_FRAMEWORK_HEADER = YES;
				CLANG_WARN_RANGE_LOOP_ANALYSIS = YES;
				CLANG_WARN_STRICT_PROTOTYPES = YES;
				CLANG_WARN_SUSPICIOUS_MOVE = YES;
				CLANG_WARN_UNGUARDED_AVAILABILITY = YES_AGGRESSIVE;
				CLANG_WARN_UNREACHABLE_CODE = YES;
				CLANG_WARN__DUPLICATE_METHOD_MATCH = YES;
				COPY_PHASE_STRIP = NO;
				DEBUG_INFORMATION_FORMAT = "dwarf-with-dsym";
				DEVELOPMENT_TEAM = QT538E6CTY;
				ENABLE_NS_ASSERTIONS = NO;
				ENABLE_STRICT_OBJC_MSGSEND = YES;
				ENABLE_USER_SCRIPT_SANDBOXING = YES;
				GCC_C_LANGUAGE_STANDARD = gnu17;
				GCC_NO_COMMON_BLOCKS = YES;
				GCC_WARN_64_TO_32_BIT_CONVERSION = YES;
				GCC_WARN_ABOUT_RETURN_TYPE = YES_ERROR;
				GCC_WARN_UNDECLARED_SELECTOR = YES;
				GCC_WARN_UNINITIALIZED_AUTOS = YES_AGGRESSIVE;
				GCC_WARN_UNUSED_FUNCTION = YES;
				GCC_WARN_UNUSED_VARIABLE = YES;
				LOCALIZATION_PREFERS_STRING_CATALOGS = YES;
				MTL_ENABLE_DEBUG_INFO = NO;
				MTL_FAST_MATH = YES;
				SWIFT_COMPILATION_MODE = wholemodule;
				SWIFT_EMIT_LOC_STRINGS = YES;
			};
			name = Release;
		};
		B57AC1182E1F9DA800DCA2EC /* Debug */ = {
			isa = XCBuildConfiguration;
			buildSettings = {
				ASSETCATALOG_COMPILER_APPICON_NAME = AppIcon;
				ASSETCATALOG_COMPILER_GLOBAL_ACCENT_COLOR_NAME = AccentColor;
				CODE_SIGN_ENTITLEMENTS = LicensePlateGlossary/LicensePlateGlossary.entitlements;
				"CODE_SIGN_IDENTITY[sdk=macosx*]" = "Apple Development";
				CODE_SIGN_STYLE = Automatic;
				CURRENT_PROJECT_VERSION = 1;
				DEVELOPMENT_ASSET_PATHS = "";
				DEVELOPMENT_TEAM = QT538E6CTY;
				ENABLE_HARDENED_RUNTIME = YES;
				ENABLE_PREVIEWS = YES;
				GENERATE_INFOPLIST_FILE = YES;
				INFOPLIST_FILE = LicensePlateGlossary/Info.plist;
				INFOPLIST_KEY_CFBundleDisplayName = LiPlaGlo;
				INFOPLIST_KEY_LSApplicationCategoryType = "public.app-category.utilities";
				"INFOPLIST_KEY_UIApplicationSceneManifest_Generation[sdk=iphoneos*]" = YES;
				"INFOPLIST_KEY_UIApplicationSceneManifest_Generation[sdk=iphonesimulator*]" = YES;
				"INFOPLIST_KEY_UIApplicationSupportsIndirectInputEvents[sdk=iphoneos*]" = YES;
				"INFOPLIST_KEY_UIApplicationSupportsIndirectInputEvents[sdk=iphonesimulator*]" = YES;
				"INFOPLIST_KEY_UILaunchScreen_Generation[sdk=iphoneos*]" = YES;
				"INFOPLIST_KEY_UILaunchScreen_Generation[sdk=iphonesimulator*]" = YES;
				"INFOPLIST_KEY_UIStatusBarStyle[sdk=iphoneos*]" = UIStatusBarStyleDefault;
				"INFOPLIST_KEY_UIStatusBarStyle[sdk=iphonesimulator*]" = UIStatusBarStyleDefault;
				INFOPLIST_KEY_UISupportedInterfaceOrientations = UIInterfaceOrientationPortrait;
				INFOPLIST_KEY_UISupportedInterfaceOrientations_iPad = "UIInterfaceOrientationLandscapeLeft UIInterfaceOrientationLandscapeRight UIInterfaceOrientationPortrait UIInterfaceOrientationPortraitUpsideDown";
				IPHONEOS_DEPLOYMENT_TARGET = 18.5;
				LD_RUNPATH_SEARCH_PATHS = "@executable_path/Frameworks";
				"LD_RUNPATH_SEARCH_PATHS[sdk=macosx*]" = "@executable_path/../Frameworks";
				MACOSX_DEPLOYMENT_TARGET = 15.0;
				MARKETING_VERSION = 1.0;
				PRODUCT_BUNDLE_IDENTIFIER = ch.rgunti.ios.LicensePlateGlossary;
				PRODUCT_NAME = "$(TARGET_NAME)";
				REGISTER_APP_GROUPS = YES;
				SDKROOT = auto;
				SUPPORTED_PLATFORMS = "iphoneos iphonesimulator xros xrsimulator";
				SUPPORTS_MACCATALYST = NO;
				SWIFT_EMIT_LOC_STRINGS = YES;
				SWIFT_VERSION = 5.0;
				TARGETED_DEVICE_FAMILY = "1,2,7";
				XROS_DEPLOYMENT_TARGET = 2.5;
			};
			name = Debug;
		};
		B57AC1192E1F9DA800DCA2EC /* Release */ = {
			isa = XCBuildConfiguration;
			buildSettings = {
				ASSETCATALOG_COMPILER_APPICON_NAME = AppIcon;
				ASSETCATALOG_COMPILER_GLOBAL_ACCENT_COLOR_NAME = AccentColor;
				CODE_SIGN_ENTITLEMENTS = LicensePlateGlossary/LicensePlateGlossary.entitlements;
				"CODE_SIGN_IDENTITY[sdk=macosx*]" = "Apple Development";
				CODE_SIGN_STYLE = Automatic;
				CURRENT_PROJECT_VERSION = 1;
				DEVELOPMENT_ASSET_PATHS = "";
				DEVELOPMENT_TEAM = QT538E6CTY;
				ENABLE_HARDENED_RUNTIME = YES;
				ENABLE_PREVIEWS = YES;
				GENERATE_INFOPLIST_FILE = YES;
				INFOPLIST_FILE = LicensePlateGlossary/Info.plist;
				INFOPLIST_KEY_CFBundleDisplayName = LiPlaGlo;
				INFOPLIST_KEY_LSApplicationCategoryType = "public.app-category.utilities";
				"INFOPLIST_KEY_UIApplicationSceneManifest_Generation[sdk=iphoneos*]" = YES;
				"INFOPLIST_KEY_UIApplicationSceneManifest_Generation[sdk=iphonesimulator*]" = YES;
				"INFOPLIST_KEY_UIApplicationSupportsIndirectInputEvents[sdk=iphoneos*]" = YES;
				"INFOPLIST_KEY_UIApplicationSupportsIndirectInputEvents[sdk=iphonesimulator*]" = YES;
				"INFOPLIST_KEY_UILaunchScreen_Generation[sdk=iphoneos*]" = YES;
				"INFOPLIST_KEY_UILaunchScreen_Generation[sdk=iphonesimulator*]" = YES;
				"INFOPLIST_KEY_UIStatusBarStyle[sdk=iphoneos*]" = UIStatusBarStyleDefault;
				"INFOPLIST_KEY_UIStatusBarStyle[sdk=iphonesimulator*]" = UIStatusBarStyleDefault;
				INFOPLIST_KEY_UISupportedInterfaceOrientations = UIInterfaceOrientationPortrait;
				INFOPLIST_KEY_UISupportedInterfaceOrientations_iPad = "UIInterfaceOrientationLandscapeLeft UIInterfaceOrientationLandscapeRight UIInterfaceOrientationPortrait UIInterfaceOrientationPortraitUpsideDown";
				IPHONEOS_DEPLOYMENT_TARGET = 18.5;
				LD_RUNPATH_SEARCH_PATHS = "@executable_path/Frameworks";
				"LD_RUNPATH_SEARCH_PATHS[sdk=macosx*]" = "@executable_path/../Frameworks";
				MACOSX_DEPLOYMENT_TARGET = 15.0;
				MARKETING_VERSION = 1.0;
				PRODUCT_BUNDLE_IDENTIFIER = ch.rgunti.ios.LicensePlateGlossary;
				PRODUCT_NAME = "$(TARGET_NAME)";
				REGISTER_APP_GROUPS = YES;
				SDKROOT = auto;
				SUPPORTED_PLATFORMS = "iphoneos iphonesimulator xros xrsimulator";
				SUPPORTS_MACCATALYST = NO;
				SWIFT_EMIT_LOC_STRINGS = YES;
				SWIFT_VERSION = 5.0;
				TARGETED_DEVICE_FAMILY = "1,2,7";
				XROS_DEPLOYMENT_TARGET = 2.5;
			};
			name = Release;
		};
		B57AC11B2E1F9DA800DCA2EC /* Debug */ = {
			isa = XCBuildConfiguration;
			buildSettings = {
				BUNDLE_LOADER = "$(TEST_HOST)";
				CODE_SIGN_STYLE = Automatic;
				CURRENT_PROJECT_VERSION = 1;
				DEVELOPMENT_TEAM = QT538E6CTY;
				GENERATE_INFOPLIST_FILE = YES;
				IPHONEOS_DEPLOYMENT_TARGET = 18.5;
				MACOSX_DEPLOYMENT_TARGET = 15.5;
				MARKETING_VERSION = 1.0;
				PRODUCT_BUNDLE_IDENTIFIER = ch.rgunti.ios.LicensePlateGlossaryTests;
				PRODUCT_NAME = "$(TARGET_NAME)";
				SDKROOT = auto;
				SUPPORTED_PLATFORMS = "iphoneos iphonesimulator macosx xros xrsimulator";
				SWIFT_EMIT_LOC_STRINGS = NO;
				SWIFT_VERSION = 5.0;
				TARGETED_DEVICE_FAMILY = "1,2,7";
				TEST_HOST = "$(BUILT_PRODUCTS_DIR)/LicensePlateGlossary.app/$(BUNDLE_EXECUTABLE_FOLDER_PATH)/LicensePlateGlossary";
				XROS_DEPLOYMENT_TARGET = 2.5;
			};
			name = Debug;
		};
		B57AC11C2E1F9DA800DCA2EC /* Release */ = {
			isa = XCBuildConfiguration;
			buildSettings = {
				BUNDLE_LOADER = "$(TEST_HOST)";
				CODE_SIGN_STYLE = Automatic;
				CURRENT_PROJECT_VERSION = 1;
				DEVELOPMENT_TEAM = QT538E6CTY;
				GENERATE_INFOPLIST_FILE = YES;
				IPHONEOS_DEPLOYMENT_TARGET = 18.5;
				MACOSX_DEPLOYMENT_TARGET = 15.5;
				MARKETING_VERSION = 1.0;
				PRODUCT_BUNDLE_IDENTIFIER = ch.rgunti.ios.LicensePlateGlossaryTests;
				PRODUCT_NAME = "$(TARGET_NAME)";
				SDKROOT = auto;
				SUPPORTED_PLATFORMS = "iphoneos iphonesimulator macosx xros xrsimulator";
				SWIFT_EMIT_LOC_STRINGS = NO;
				SWIFT_VERSION = 5.0;
				TARGETED_DEVICE_FAMILY = "1,2,7";
				TEST_HOST = "$(BUILT_PRODUCTS_DIR)/LicensePlateGlossary.app/$(BUNDLE_EXECUTABLE_FOLDER_PATH)/LicensePlateGlossary";
				XROS_DEPLOYMENT_TARGET = 2.5;
			};
			name = Release;
		};
		B57AC11E2E1F9DA800DCA2EC /* Debug */ = {
			isa = XCBuildConfiguration;
			buildSettings = {
				CODE_SIGN_STYLE = Automatic;
				CURRENT_PROJECT_VERSION = 1;
				DEVELOPMENT_TEAM = QT538E6CTY;
				GENERATE_INFOPLIST_FILE = YES;
				IPHONEOS_DEPLOYMENT_TARGET = 18.5;
				MACOSX_DEPLOYMENT_TARGET = 15.5;
				MARKETING_VERSION = 1.0;
				PRODUCT_BUNDLE_IDENTIFIER = ch.rgunti.ios.LicensePlateGlossaryUITests;
				PRODUCT_NAME = "$(TARGET_NAME)";
				SDKROOT = auto;
				SUPPORTED_PLATFORMS = "iphoneos iphonesimulator macosx xros xrsimulator";
				SWIFT_EMIT_LOC_STRINGS = NO;
				SWIFT_VERSION = 5.0;
				TARGETED_DEVICE_FAMILY = "1,2,7";
				TEST_TARGET_NAME = LicensePlateGlossary;
				XROS_DEPLOYMENT_TARGET = 2.5;
			};
			name = Debug;
		};
		B57AC11F2E1F9DA800DCA2EC /* Release */ = {
			isa = XCBuildConfiguration;
			buildSettings = {
				CODE_SIGN_STYLE = Automatic;
				CURRENT_PROJECT_VERSION = 1;
				DEVELOPMENT_TEAM = QT538E6CTY;
				GENERATE_INFOPLIST_FILE = YES;
				IPHONEOS_DEPLOYMENT_TARGET = 18.5;
				MACOSX_DEPLOYMENT_TARGET = 15.5;
				MARKETING_VERSION = 1.0;
				PRODUCT_BUNDLE_IDENTIFIER = ch.rgunti.ios.LicensePlateGlossaryUITests;
				PRODUCT_NAME = "$(TARGET_NAME)";
				SDKROOT = auto;
				SUPPORTED_PLATFORMS = "iphoneos iphonesimulator macosx xros xrsimulator";
				SWIFT_EMIT_LOC_STRINGS = NO;
				SWIFT_VERSION = 5.0;
				TARGETED_DEVICE_FAMILY = "1,2,7";
				TEST_TARGET_NAME = LicensePlateGlossary;
				XROS_DEPLOYMENT_TARGET = 2.5;
			};
			name = Release;
		};
/* End XCBuildConfiguration section */

/* Begin XCConfigurationList section */
		B57AC0EE2E1F9DA700DCA2EC /* Build configuration list for PBXProject "LicensePlateGlossary" */ = {
			isa = XCConfigurationList;
			buildConfigurations = (
				B57AC1152E1F9DA800DCA2EC /* Debug */,
				B57AC1162E1F9DA800DCA2EC /* Release */,
			);
			defaultConfigurationIsVisible = 0;
			defaultConfigurationName = Release;
		};
		B57AC1172E1F9DA800DCA2EC /* Build configuration list for PBXNativeTarget "LicensePlateGlossary" */ = {
			isa = XCConfigurationList;
			buildConfigurations = (
				B57AC1182E1F9DA800DCA2EC /* Debug */,
				B57AC1192E1F9DA800DCA2EC /* Release */,
			);
			defaultConfigurationIsVisible = 0;
			defaultConfigurationName = Release;
		};
		B57AC11A2E1F9DA800DCA2EC /* Build configuration list for PBXNativeTarget "LicensePlateGlossaryTests" */ = {
			isa = XCConfigurationList;
			buildConfigurations = (
				B57AC11B2E1F9DA800DCA2EC /* Debug */,
				B57AC11C2E1F9DA800DCA2EC /* Release */,
			);
			defaultConfigurationIsVisible = 0;
			defaultConfigurationName = Release;
		};
		B57AC11D2E1F9DA800DCA2EC /* Build configuration list for PBXNativeTarget "LicensePlateGlossaryUITests" */ = {
			isa = XCConfigurationList;
			buildConfigurations = (
				B57AC11E2E1F9DA800DCA2EC /* Debug */,
				B57AC11F2E1F9DA800DCA2EC /* Release */,
			);
			defaultConfigurationIsVisible = 0;
			defaultConfigurationName = Release;
		};
/* End XCConfigurationList section */

/* Begin XCRemoteSwiftPackageReference section */
		B576380A2E225AD700031FA5 /* XCRemoteSwiftPackageReference "SQLite.swift" */ = {
			isa = XCRemoteSwiftPackageReference;
			repositoryURL = "https://github.com/stephencelis/SQLite.swift.git";
			requirement = {
				kind = upToNextMajorVersion;
				minimumVersion = 0.15.4;
			};
		};
/* End XCRemoteSwiftPackageReference section */

/* Begin XCSwiftPackageProductDependency section */
		B576380B2E225C9400031FA5 /* SQLite */ = {
			isa = XCSwiftPackageProductDependency;
			package = B576380A2E225AD700031FA5 /* XCRemoteSwiftPackageReference "SQLite.swift" */;
			productName = SQLite;
		};
/* End XCSwiftPackageProductDependency section */
	};
	rootObject = B57AC0EB2E1F9DA700DCA2EC /* Project object */;
}
